// !$*UTF8*$!
{
	archiveVersion = 1;
	classes = {
	};
	objectVersion = 56;
	objects = {

/* Begin PBXBuildFile section */
		A7BFE22E296C794E00CBAE75 /* AppDelegate.swift in Sources */ = {isa = PBXBuildFile; fileRef = A7BFE22D296C794E00CBAE75 /* AppDelegate.swift */; };
		A7BFE230296C794E00CBAE75 /* SceneDelegate.swift in Sources */ = {isa = PBXBuildFile; fileRef = A7BFE22F296C794E00CBAE75 /* SceneDelegate.swift */; };
		A7BFE232296C794E00CBAE75 /* ViewController.swift in Sources */ = {isa = PBXBuildFile; fileRef = A7BFE231296C794E00CBAE75 /* ViewController.swift */; };
		A7BFE235296C794E00CBAE75 /* Main.storyboard in Resources */ = {isa = PBXBuildFile; fileRef = A7BFE233296C794E00CBAE75 /* Main.storyboard */; };
		A7BFE237296C795000CBAE75 /* Assets.xcassets in Resources */ = {isa = PBXBuildFile; fileRef = A7BFE236296C795000CBAE75 /* Assets.xcassets */; };
		A7BFE23A296C795000CBAE75 /* LaunchScreen.storyboard in Resources */ = {isa = PBXBuildFile; fileRef = A7BFE238296C795000CBAE75 /* LaunchScreen.storyboard */; };
		A7BFE245296C795000CBAE75 /* TestTests.swift in Sources */ = {isa = PBXBuildFile; fileRef = A7BFE244296C795000CBAE75 /* TestTests.swift */; };
		A7BFE24F296C795000CBAE75 /* TestUITests.swift in Sources */ = {isa = PBXBuildFile; fileRef = A7BFE24E296C795000CBAE75 /* TestUITests.swift */; };
		A7BFE251296C795000CBAE75 /* TestUITestsLaunchTests.swift in Sources */ = {isa = PBXBuildFile; fileRef = A7BFE250296C795000CBAE75 /* TestUITestsLaunchTests.swift */; };
/* End PBXBuildFile section */

/* Begin PBXContainerItemProxy section */
		A7BFE241296C795000CBAE75 /* PBXContainerItemProxy */ = {
			isa = PBXContainerItemProxy;
			containerPortal = A7BFE222296C794E00CBAE75 /* Project object */;
			proxyType = 1;
			remoteGlobalIDString = A7BFE229296C794E00CBAE75;
			remoteInfo = Test;
		};
		A7BFE24B296C795000CBAE75 /* PBXContainerItemProxy */ = {
			isa = PBXContainerItemProxy;
			containerPortal = A7BFE222296C794E00CBAE75 /* Project object */;
			proxyType = 1;
			remoteGlobalIDString = A7BFE229296C794E00CBAE75;
			remoteInfo = Test;
		};
/* End PBXContainerItemProxy section */

/* Begin PBXFileReference section */
		A7BFE22A296C794E00CBAE75 /* Test.app */ = {isa = PBXFileReference; explicitFileType = wrapper.application; includeInIndex = 0; path = Test.app; sourceTree = BUILT_PRODUCTS_DIR; };
		A7BFE22D296C794E00CBAE75 /* AppDelegate.swift */ = {isa = PBXFileReference; lastKnownFileType = sourcecode.swift; path = AppDelegate.swift; sourceTree = "<group>"; };
		A7BFE22F296C794E00CBAE75 /* SceneDelegate.swift */ = {isa = PBXFileReference; lastKnownFileType = sourcecode.swift; path = SceneDelegate.swift; sourceTree = "<group>"; };
		A7BFE231296C794E00CBAE75 /* ViewController.swift */ = {isa = PBXFileReference; lastKnownFileType = sourcecode.swift; path = ViewController.swift; sourceTree = "<group>"; };
		A7BFE234296C794E00CBAE75 /* Base */ = {isa = PBXFileReference; lastKnownFileType = file.storyboard; name = Base; path = Base.lproj/Main.storyboard; sourceTree = "<group>"; };
		A7BFE236296C795000CBAE75 /* Assets.xcassets */ = {isa = PBXFileReference; lastKnownFileType = folder.assetcatalog; path = Assets.xcassets; sourceTree = "<group>"; };
		A7BFE239296C795000CBAE75 /* Base */ = {isa = PBXFileReference; lastKnownFileType = file.storyboard; name = Base; path = Base.lproj/LaunchScreen.storyboard; sourceTree = "<group>"; };
		A7BFE23B296C795000CBAE75 /* Info.plist */ = {isa = PBXFileReference; lastKnownFileType = text.plist.xml; path = Info.plist; sourceTree = "<group>"; };
		A7BFE240296C795000CBAE75 /* TestTests.xctest */ = {isa = PBXFileReference; explicitFileType = wrapper.cfbundle; includeInIndex = 0; path = TestTests.xctest; sourceTree = BUILT_PRODUCTS_DIR; };
		A7BFE244296C795000CBAE75 /* TestTests.swift */ = {isa = PBXFileReference; lastKnownFileType = sourcecode.swift; path = TestTests.swift; sourceTree = "<group>"; };
		A7BFE24A296C795000CBAE75 /* TestUITests.xctest */ = {isa = PBXFileReference; explicitFileType = wrapper.cfbundle; includeInIndex = 0; path = TestUITests.xctest; sourceTree = BUILT_PRODUCTS_DIR; };
		A7BFE24E296C795000CBAE75 /* TestUITests.swift */ = {isa = PBXFileReference; lastKnownFileType = sourcecode.swift; path = TestUITests.swift; sourceTree = "<group>"; };
		A7BFE250296C795000CBAE75 /* TestUITestsLaunchTests.swift */ = {isa = PBXFileReference; lastKnownFileType = sourcecode.swift; path = TestUITestsLaunchTests.swift; sourceTree = "<group>"; };
/* End PBXFileReference section */

/* Begin PBXFrameworksBuildPhase section */
		A7BFE227296C794E00CBAE75 /* Frameworks */ = {
			isa = PBXFrameworksBuildPhase;
			buildActionMask = 2147483647;
			files = (
			);
			runOnlyForDeploymentPostprocessing = 0;
		};
		A7BFE23D296C795000CBAE75 /* Frameworks */ = {
			isa = PBXFrameworksBuildPhase;
			buildActionMask = 2147483647;
			files = (
			);
			runOnlyForDeploymentPostprocessing = 0;
		};
		A7BFE247296C795000CBAE75 /* Frameworks */ = {
			isa = PBXFrameworksBuildPhase;
			buildActionMask = 2147483647;
			files = (
			);
			runOnlyForDeploymentPostprocessing = 0;
		};
/* End PBXFrameworksBuildPhase section */

/* Begin PBXGroup section */
		A7BFE221296C794E00CBAE75 = {
			isa = PBXGroup;
			children = (
				A7BFE22C296C794E00CBAE75 /* Test */,
				A7BFE243296C795000CBAE75 /* TestTests */,
				A7BFE24D296C795000CBAE75 /* TestUITests */,
				A7BFE22B296C794E00CBAE75 /* Products */,
			);
			sourceTree = "<group>";
		};
		A7BFE22B296C794E00CBAE75 /* Products */ = {
			isa = PBXGroup;
			children = (
				A7BFE22A296C794E00CBAE75 /* Test.app */,
				A7BFE240296C795000CBAE75 /* TestTests.xctest */,
				A7BFE24A296C795000CBAE75 /* TestUITests.xctest */,
			);
			name = Products;
			sourceTree = "<group>";
		};
		A7BFE22C296C794E00CBAE75 /* Test */ = {
			isa = PBXGroup;
			children = (
				A7BFE22D296C794E00CBAE75 /* AppDelegate.swift */,
				A7BFE22F296C794E00CBAE75 /* SceneDelegate.swift */,
				A7BFE231296C794E00CBAE75 /* ViewController.swift */,
				A7BFE233296C794E00CBAE75 /* Main.storyboard */,
				A7BFE236296C795000CBAE75 /* Assets.xcassets */,
				A7BFE238296C795000CBAE75 /* LaunchScreen.storyboard */,
				A7BFE23B296C795000CBAE75 /* Info.plist */,
			);
			path = Test;
			sourceTree = "<group>";
		};
		A7BFE243296C795000CBAE75 /* TestTests */ = {
			isa = PBXGroup;
			children = (
				A7BFE244296C795000CBAE75 /* TestTests.swift */,
			);
			path = TestTests;
			sourceTree = "<group>";
		};
		A7BFE24D296C795000CBAE75 /* TestUITests */ = {
			isa = PBXGroup;
			children = (
				A7BFE24E296C795000CBAE75 /* TestUITests.swift */,
				A7BFE250296C795000CBAE75 /* TestUITestsLaunchTests.swift */,
			);
			path = TestUITests;
			sourceTree = "<group>";
		};
/* End PBXGroup section */

/* Begin PBXNativeTarget section */
		A7BFE229296C794E00CBAE75 /* Test */ = {
			isa = PBXNativeTarget;
			buildConfigurationList = A7BFE254296C795000CBAE75 /* Build configuration list for PBXNativeTarget "Test" */;
			buildPhases = (
				A7BFE226296C794E00CBAE75 /* Sources */,
				A7BFE227296C794E00CBAE75 /* Frameworks */,
				A7BFE228296C794E00CBAE75 /* Resources */,
			);
			buildRules = (
			);
			dependencies = (
			);
			name = Test;
			productName = Test;
			productReference = A7BFE22A296C794E00CBAE75 /* Test.app */;
			productType = "com.apple.product-type.application";
		};
		A7BFE23F296C795000CBAE75 /* TestTests */ = {
			isa = PBXNativeTarget;
			buildConfigurationList = A7BFE257296C795000CBAE75 /* Build configuration list for PBXNativeTarget "TestTests" */;
			buildPhases = (
				A7BFE23C296C795000CBAE75 /* Sources */,
				A7BFE23D296C795000CBAE75 /* Frameworks */,
				A7BFE23E296C795000CBAE75 /* Resources */,
			);
			buildRules = (
			);
			dependencies = (
				A7BFE242296C795000CBAE75 /* PBXTargetDependency */,
			);
			name = TestTests;
			productName = TestTests;
			productReference = A7BFE240296C795000CBAE75 /* TestTests.xctest */;
			productType = "com.apple.product-type.bundle.unit-test";
		};
		A7BFE249296C795000CBAE75 /* TestUITests */ = {
			isa = PBXNativeTarget;
			buildConfigurationList = A7BFE25A296C795000CBAE75 /* Build configuration list for PBXNativeTarget "TestUITests" */;
			buildPhases = (
				A7BFE246296C795000CBAE75 /* Sources */,
				A7BFE247296C795000CBAE75 /* Frameworks */,
				A7BFE248296C795000CBAE75 /* Resources */,
			);
			buildRules = (
			);
			dependencies = (
				A7BFE24C296C795000CBAE75 /* PBXTargetDependency */,
			);
			name = TestUITests;
			productName = TestUITests;
			productReference = A7BFE24A296C795000CBAE75 /* TestUITests.xctest */;
			productType = "com.apple.product-type.bundle.ui-testing";
		};
/* End PBXNativeTarget section */

/* Begin PBXProject section */
		A7BFE222296C794E00CBAE75 /* Project object */ = {
			isa = PBXProject;
			attributes = {
				BuildIndependentTargetsInParallel = 1;
				LastSwiftUpdateCheck = 1420;
				LastUpgradeCheck = 1420;
				TargetAttributes = {
					A7BFE229296C794E00CBAE75 = {
						CreatedOnToolsVersion = 14.2;
					};
					A7BFE23F296C795000CBAE75 = {
						CreatedOnToolsVersion = 14.2;
						TestTargetID = A7BFE229296C794E00CBAE75;
					};
					A7BFE249296C795000CBAE75 = {
						CreatedOnToolsVersion = 14.2;
						TestTargetID = A7BFE229296C794E00CBAE75;
					};
				};
			};
			buildConfigurationList = A7BFE225296C794E00CBAE75 /* Build configuration list for PBXProject "Test" */;
			compatibilityVersion = "Xcode 14.0";
			developmentRegion = en;
			hasScannedForEncodings = 0;
			knownRegions = (
				en,
				Base,
			);
			mainGroup = A7BFE221296C794E00CBAE75;
			productRefGroup = A7BFE22B296C794E00CBAE75 /* Products */;
			projectDirPath = "";
			projectRoot = "";
			targets = (
				A7BFE229296C794E00CBAE75 /* Test */,
				A7BFE23F296C795000CBAE75 /* TestTests */,
				A7BFE249296C795000CBAE75 /* TestUITests */,
			);
		};
/* End PBXProject section */

/* Begin PBXResourcesBuildPhase section */
		A7BFE228296C794E00CBAE75 /* Resources */ = {
			isa = PBXResourcesBuildPhase;
			buildActionMask = 2147483647;
			files = (
				A7BFE23A296C795000CBAE75 /* LaunchScreen.storyboard in Resources */,
				A7BFE237296C795000CBAE75 /* Assets.xcassets in Resources */,
				A7BFE235296C794E00CBAE75 /* Main.storyboard in Resources */,
			);
			runOnlyForDeploymentPostprocessing = 0;
		};
		A7BFE23E296C795000CBAE75 /* Resources */ = {
			isa = PBXResourcesBuildPhase;
			buildActionMask = 2147483647;
			files = (
			);
			runOnlyForDeploymentPostprocessing = 0;
		};
		A7BFE248296C795000CBAE75 /* Resources */ = {
			isa = PBXResourcesBuildPhase;
			buildActionMask = 2147483647;
			files = (
			);
			runOnlyForDeploymentPostprocessing = 0;
		};
/* End PBXResourcesBuildPhase section */

/* Begin PBXSourcesBuildPhase section */
		A7BFE226296C794E00CBAE75 /* Sources */ = {
			isa = PBXSourcesBuildPhase;
			buildActionMask = 2147483647;
			files = (
				A7BFE232296C794E00CBAE75 /* ViewController.swift in Sources */,
				A7BFE22E296C794E00CBAE75 /* AppDelegate.swift in Sources */,
				A7BFE230296C794E00CBAE75 /* SceneDelegate.swift in Sources */,
			);
			runOnlyForDeploymentPostprocessing = 0;
		};
		A7BFE23C296C795000CBAE75 /* Sources */ = {
			isa = PBXSourcesBuildPhase;
			buildActionMask = 2147483647;
			files = (
				A7BFE245296C795000CBAE75 /* TestTests.swift in Sources */,
			);
			runOnlyForDeploymentPostprocessing = 0;
		};
		A7BFE246296C795000CBAE75 /* Sources */ = {
			isa = PBXSourcesBuildPhase;
			buildActionMask = 2147483647;
			files = (
				A7BFE251296C795000CBAE75 /* TestUITestsLaunchTests.swift in Sources */,
				A7BFE24F296C795000CBAE75 /* TestUITests.swift in Sources */,
			);
			runOnlyForDeploymentPostprocessing = 0;
		};
/* End PBXSourcesBuildPhase section */

/* Begin PBXTargetDependency section */
		A7BFE242296C795000CBAE75 /* PBXTargetDependency */ = {
			isa = PBXTargetDependency;
			target = A7BFE229296C794E00CBAE75 /* Test */;
			targetProxy = A7BFE241296C795000CBAE75 /* PBXContainerItemProxy */;
		};
		A7BFE24C296C795000CBAE75 /* PBXTargetDependency */ = {
			isa = PBXTargetDependency;
			target = A7BFE229296C794E00CBAE75 /* Test */;
			targetProxy = A7BFE24B296C795000CBAE75 /* PBXContainerItemProxy */;
		};
/* End PBXTargetDependency section */

/* Begin PBXVariantGroup section */
		A7BFE233296C794E00CBAE75 /* Main.storyboard */ = {
			isa = PBXVariantGroup;
			children = (
				A7BFE234296C794E00CBAE75 /* Base */,
			);
			name = Main.storyboard;
			sourceTree = "<group>";
		};
		A7BFE238296C795000CBAE75 /* LaunchScreen.storyboard */ = {
			isa = PBXVariantGroup;
			children = (
				A7BFE239296C795000CBAE75 /* Base */,
			);
			name = LaunchScreen.storyboard;
			sourceTree = "<group>";
		};
/* End PBXVariantGroup section */

/* Begin XCBuildConfiguration section */
		A7BFE252296C795000CBAE75 /* Debug */ = {
			isa = XCBuildConfiguration;
			buildSettings = {
				ALWAYS_SEARCH_USER_PATHS = NO;
				CLANG_ANALYZER_NONNULL = YES;
				CLANG_ANALYZER_NUMBER_OBJECT_CONVERSION = YES_AGGRESSIVE;
				CLANG_CXX_LANGUAGE_STANDARD = "gnu++20";
				CLANG_ENABLE_MODULES = YES;
				CLANG_ENABLE_OBJC_ARC = YES;
				CLANG_ENABLE_OBJC_WEAK = YES;
				CLANG_WARN_BLOCK_CAPTURE_AUTORELEASING = YES;
				CLANG_WARN_BOOL_CONVERSION = YES;
				CLANG_WARN_COMMA = YES;
				CLANG_WARN_CONSTANT_CONVERSION = YES;
				CLANG_WARN_DEPRECATED_OBJC_IMPLEMENTATIONS = YES;
				CLANG_WARN_DIRECT_OBJC_ISA_USAGE = YES_ERROR;
				CLANG_WARN_DOCUMENTATION_COMMENTS = YES;
				CLANG_WARN_EMPTY_BODY = YES;
				CLANG_WARN_ENUM_CONVERSION = YES;
				CLANG_WARN_INFINITE_RECURSION = YES;
				CLANG_WARN_INT_CONVERSION = YES;
				CLANG_WARN_NON_LITERAL_NULL_CONVERSION = YES;
				CLANG_WARN_OBJC_IMPLICIT_RETAIN_SELF = YES;
				CLANG_WARN_OBJC_LITERAL_CONVERSION = YES;
				CLANG_WARN_OBJC_ROOT_CLASS = YES_ERROR;
				CLANG_WARN_QUOTED_INCLUDE_IN_FRAMEWORK_HEADER = YES;
				CLANG_WARN_RANGE_LOOP_ANALYSIS = YES;
				CLANG_WARN_STRICT_PROTOTYPES = YES;
				CLANG_WARN_SUSPICIOUS_MOVE = YES;
				CLANG_WARN_UNGUARDED_AVAILABILITY = YES_AGGRESSIVE;
				CLANG_WARN_UNREACHABLE_CODE = YES;
				CLANG_WARN__DUPLICATE_METHOD_MATCH = YES;
				COPY_PHASE_STRIP = NO;
				DEBUG_INFORMATION_FORMAT = dwarf;
				ENABLE_STRICT_OBJC_MSGSEND = YES;
				ENABLE_TESTABILITY = YES;
				GCC_C_LANGUAGE_STANDARD = gnu11;
				GCC_DYNAMIC_NO_PIC = NO;
				GCC_NO_COMMON_BLOCKS = YES;
				GCC_OPTIMIZATION_LEVEL = 0;
				GCC_PREPROCESSOR_DEFINITIONS = (
					"DEBUG=1",
					"$(inherited)",
				);
				GCC_WARN_64_TO_32_BIT_CONVERSION = YES;
				GCC_WARN_ABOUT_RETURN_TYPE = YES_ERROR;
				GCC_WARN_UNDECLARED_SELECTOR = YES;
				GCC_WARN_UNINITIALIZED_AUTOS = YES_AGGRESSIVE;
				GCC_WARN_UNUSED_FUNCTION = YES;
				GCC_WARN_UNUSED_VARIABLE = YES;
				IPHONEOS_DEPLOYMENT_TARGET = 16.2;
				MTL_ENABLE_DEBUG_INFO = INCLUDE_SOURCE;
				MTL_FAST_MATH = YES;
				ONLY_ACTIVE_ARCH = YES;
				SDKROOT = iphoneos;
				SWIFT_ACTIVE_COMPILATION_CONDITIONS = DEBUG;
				SWIFT_OPTIMIZATION_LEVEL = "-Onone";
			};
			name = Debug;
		};
		A7BFE253296C795000CBAE75 /* Release */ = {
			isa = XCBuildConfiguration;
			buildSettings = {
				ALWAYS_SEARCH_USER_PATHS = NO;
				CLANG_ANALYZER_NONNULL = YES;
				CLANG_ANALYZER_NUMBER_OBJECT_CONVERSION = YES_AGGRESSIVE;
				CLANG_CXX_LANGUAGE_STANDARD = "gnu++20";
				CLANG_ENABLE_MODULES = YES;
				CLANG_ENABLE_OBJC_ARC = YES;
				CLANG_ENABLE_OBJC_WEAK = YES;
				CLANG_WARN_BLOCK_CAPTURE_AUTORELEASING = YES;
				CLANG_WARN_BOOL_CONVERSION = YES;
				CLANG_WARN_COMMA = YES;
				CLANG_WARN_CONSTANT_CONVERSION = YES;
				CLANG_WARN_DEPRECATED_OBJC_IMPLEMENTATIONS = YES;
				CLANG_WARN_DIRECT_OBJC_ISA_USAGE = YES_ERROR;
				CLANG_WARN_DOCUMENTATION_COMMENTS = YES;
				CLANG_WARN_EMPTY_BODY = YES;
				CLANG_WARN_ENUM_CONVERSION = YES;
				CLANG_WARN_INFINITE_RECURSION = YES;
				CLANG_WARN_INT_CONVERSION = YES;
				CLANG_WARN_NON_LITERAL_NULL_CONVERSION = YES;
				CLANG_WARN_OBJC_IMPLICIT_RETAIN_SELF = YES;
				CLANG_WARN_OBJC_LITERAL_CONVERSION = YES;
				CLANG_WARN_OBJC_ROOT_CLASS = YES_ERROR;
				CLANG_WARN_QUOTED_INCLUDE_IN_FRAMEWORK_HEADER = YES;
				CLANG_WARN_RANGE_LOOP_ANALYSIS = YES;
				CLANG_WARN_STRICT_PROTOTYPES = YES;
				CLANG_WARN_SUSPICIOUS_MOVE = YES;
				CLANG_WARN_UNGUARDED_AVAILABILITY = YES_AGGRESSIVE;
				CLANG_WARN_UNREACHABLE_CODE = YES;
				CLANG_WARN__DUPLICATE_METHOD_MATCH = YES;
				COPY_PHASE_STRIP = NO;
				DEBUG_INFORMATION_FORMAT = "dwarf-with-dsym";
				ENABLE_NS_ASSERTIONS = NO;
				ENABLE_STRICT_OBJC_MSGSEND = YES;
				GCC_C_LANGUAGE_STANDARD = gnu11;
				GCC_NO_COMMON_BLOCKS = YES;
				GCC_WARN_64_TO_32_BIT_CONVERSION = YES;
				GCC_WARN_ABOUT_RETURN_TYPE = YES_ERROR;
				GCC_WARN_UNDECLARED_SELECTOR = YES;
				GCC_WARN_UNINITIALIZED_AUTOS = YES_AGGRESSIVE;
				GCC_WARN_UNUSED_FUNCTION = YES;
				GCC_WARN_UNUSED_VARIABLE = YES;
				IPHONEOS_DEPLOYMENT_TARGET = 16.2;
				MTL_ENABLE_DEBUG_INFO = NO;
				MTL_FAST_MATH = YES;
				SDKROOT = iphoneos;
				SWIFT_COMPILATION_MODE = wholemodule;
				SWIFT_OPTIMIZATION_LEVEL = "-O";
				VALIDATE_PRODUCT = YES;
			};
			name = Release;
		};
		A7BFE255296C795000CBAE75 /* Debug */ = {
			isa = XCBuildConfiguration;
			buildSettings = {
				ASSETCATALOG_COMPILER_APPICON_NAME = AppIcon;
				ASSETCATALOG_COMPILER_GLOBAL_ACCENT_COLOR_NAME = AccentColor;
				CODE_SIGN_STYLE = Automatic;
				CURRENT_PROJECT_VERSION = 1;
				DEVELOPMENT_TEAM = V4268FG4XJ;
				GENERATE_INFOPLIST_FILE = YES;
				INFOPLIST_FILE = Test/Info.plist;
				INFOPLIST_KEY_UIApplicationSupportsIndirectInputEvents = YES;
				INFOPLIST_KEY_UILaunchStoryboardName = LaunchScreen;
				INFOPLIST_KEY_UIMainStoryboardFile = Main;
				INFOPLIST_KEY_UISupportedInterfaceOrientations_iPad = "UIInterfaceOrientationPortrait UIInterfaceOrientationPortraitUpsideDown UIInterfaceOrientationLandscapeLeft UIInterfaceOrientationLandscapeRight";
				INFOPLIST_KEY_UISupportedInterfaceOrientations_iPhone = "UIInterfaceOrientationPortrait UIInterfaceOrientationLandscapeLeft UIInterfaceOrientationLandscapeRight";
				LD_RUNPATH_SEARCH_PATHS = (
					"$(inherited)",
					"@executable_path/Frameworks",
				);
				MARKETING_VERSION = 1.0;
				PRODUCT_BUNDLE_IDENTIFIER = "test-nl.Test";
				PRODUCT_NAME = "$(TARGET_NAME)";
				SWIFT_EMIT_LOC_STRINGS = YES;
				SWIFT_VERSION = 5.0;
				TARGETED_DEVICE_FAMILY = "1,2";
			};
			name = Debug;
		};
		A7BFE256296C795000CBAE75 /* Release */ = {
			isa = XCBuildConfiguration;
			buildSettings = {
				ASSETCATALOG_COMPILER_APPICON_NAME = AppIcon;
				ASSETCATALOG_COMPILER_GLOBAL_ACCENT_COLOR_NAME = AccentColor;
				CODE_SIGN_STYLE = Automatic;
				CURRENT_PROJECT_VERSION = 1;
				DEVELOPMENT_TEAM = V4268FG4XJ;
				GENERATE_INFOPLIST_FILE = YES;
				INFOPLIST_FILE = Test/Info.plist;
				INFOPLIST_KEY_UIApplicationSupportsIndirectInputEvents = YES;
				INFOPLIST_KEY_UILaunchStoryboardName = LaunchScreen;
				INFOPLIST_KEY_UIMainStoryboardFile = Main;
				INFOPLIST_KEY_UISupportedInterfaceOrientations_iPad = "UIInterfaceOrientationPortrait UIInterfaceOrientationPortraitUpsideDown UIInterfaceOrientationLandscapeLeft UIInterfaceOrientationLandscapeRight";
				INFOPLIST_KEY_UISupportedInterfaceOrientations_iPhone = "UIInterfaceOrientationPortrait UIInterfaceOrientationLandscapeLeft UIInterfaceOrientationLandscapeRight";
				LD_RUNPATH_SEARCH_PATHS = (
					"$(inherited)",
					"@executable_path/Frameworks",
				);
				MARKETING_VERSION = 1.0;
				PRODUCT_BUNDLE_IDENTIFIER = "test-nl.Test";
				PRODUCT_NAME = "$(TARGET_NAME)";
				SWIFT_EMIT_LOC_STRINGS = YES;
				SWIFT_VERSION = 5.0;
				TARGETED_DEVICE_FAMILY = "1,2";
			};
			name = Release;
		};
		A7BFE258296C795000CBAE75 /* Debug */ = {
			isa = XCBuildConfiguration;
			buildSettings = {
				ALWAYS_EMBED_SWIFT_STANDARD_LIBRARIES = YES;
				BUNDLE_LOADER = "$(TEST_HOST)";
				CODE_SIGN_STYLE = Automatic;
				CURRENT_PROJECT_VERSION = 1;
				DEVELOPMENT_TEAM = V4268FG4XJ;
				GENERATE_INFOPLIST_FILE = YES;
				IPHONEOS_DEPLOYMENT_TARGET = 16.2;
				MARKETING_VERSION = 1.0;
				PRODUCT_BUNDLE_IDENTIFIER = "test-nl.TestTests";
				PRODUCT_NAME = "$(TARGET_NAME)";
				SWIFT_EMIT_LOC_STRINGS = NO;
				SWIFT_VERSION = 5.0;
				TARGETED_DEVICE_FAMILY = "1,2";
				TEST_HOST = "$(BUILT_PRODUCTS_DIR)/Test.app/$(BUNDLE_EXECUTABLE_FOLDER_PATH)/Test";
			};
			name = Debug;
		};
		A7BFE259296C795000CBAE75 /* Release */ = {
			isa = XCBuildConfiguration;
			buildSettings = {
				ALWAYS_EMBED_SWIFT_STANDARD_LIBRARIES = YES;
				BUNDLE_LOADER = "$(TEST_HOST)";
				CODE_SIGN_STYLE = Automatic;
				CURRENT_PROJECT_VERSION = 1;
				DEVELOPMENT_TEAM = V4268FG4XJ;
				GENERATE_INFOPLIST_FILE = YES;
				IPHONEOS_DEPLOYMENT_TARGET = 16.2;
				MARKETING_VERSION = 1.0;
				PRODUCT_BUNDLE_IDENTIFIER = "test-nl.TestTests";
				PRODUCT_NAME = "$(TARGET_NAME)";
				SWIFT_EMIT_LOC_STRINGS = NO;
				SWIFT_VERSION = 5.0;
				TARGETED_DEVICE_FAMILY = "1,2";
				TEST_HOST = "$(BUILT_PRODUCTS_DIR)/Test.app/$(BUNDLE_EXECUTABLE_FOLDER_PATH)/Test";
			};
			name = Release;
		};
		A7BFE25B296C795000CBAE75 /* Debug */ = {
			isa = XCBuildConfiguration;
			buildSettings = {
				ALWAYS_EMBED_SWIFT_STANDARD_LIBRARIES = YES;
				CODE_SIGN_STYLE = Automatic;
				CURRENT_PROJECT_VERSION = 1;
				DEVELOPMENT_TEAM = V4268FG4XJ;
				GENERATE_INFOPLIST_FILE = YES;
				MARKETING_VERSION = 1.0;
				PRODUCT_BUNDLE_IDENTIFIER = "test-nl.TestUITests";
				PRODUCT_NAME = "$(TARGET_NAME)";
				SWIFT_EMIT_LOC_STRINGS = NO;
				SWIFT_VERSION = 5.0;
				TARGETED_DEVICE_FAMILY = "1,2";
				TEST_TARGET_NAME = Test;
			};
			name = Debug;
		};
		A7BFE25C296C795000CBAE75 /* Release */ = {
			isa = XCBuildConfiguration;
			buildSettings = {
				ALWAYS_EMBED_SWIFT_STANDARD_LIBRARIES = YES;
				CODE_SIGN_STYLE = Automatic;
				CURRENT_PROJECT_VERSION = 1;
				DEVELOPMENT_TEAM = V4268FG4XJ;
				GENERATE_INFOPLIST_FILE = YES;
				MARKETING_VERSION = 1.0;
				PRODUCT_BUNDLE_IDENTIFIER = "test-nl.TestUITests";
				PRODUCT_NAME = "$(TARGET_NAME)";
				SWIFT_EMIT_LOC_STRINGS = NO;
				SWIFT_VERSION = 5.0;
				TARGETED_DEVICE_FAMILY = "1,2";
				TEST_TARGET_NAME = Test;
			};
			name = Release;
		};
/* End XCBuildConfiguration section */

/* Begin XCConfigurationList section */
		A7BFE225296C794E00CBAE75 /* Build configuration list for PBXProject "Test" */ = {
			isa = XCConfigurationList;
			buildConfigurations = (
				A7BFE252296C795000CBAE75 /* Debug */,
				A7BFE253296C795000CBAE75 /* Release */,
			);
			defaultConfigurationIsVisible = 0;
			defaultConfigurationName = Release;
		};
		A7BFE254296C795000CBAE75 /* Build configuration list for PBXNativeTarget "Test" */ = {
			isa = XCConfigurationList;
			buildConfigurations = (
				A7BFE255296C795000CBAE75 /* Debug */,
				A7BFE256296C795000CBAE75 /* Release */,
			);
			defaultConfigurationIsVisible = 0;
			defaultConfigurationName = Release;
		};
		A7BFE257296C795000CBAE75 /* Build configuration list for PBXNativeTarget "TestTests" */ = {
			isa = XCConfigurationList;
			buildConfigurations = (
				A7BFE258296C795000CBAE75 /* Debug */,
				A7BFE259296C795000CBAE75 /* Release */,
			);
			defaultConfigurationIsVisible = 0;
			defaultConfigurationName = Release;
		};
		A7BFE25A296C795000CBAE75 /* Build configuration list for PBXNativeTarget "TestUITests" */ = {
			isa = XCConfigurationList;
			buildConfigurations = (
				A7BFE25B296C795000CBAE75 /* Debug */,
				A7BFE25C296C795000CBAE75 /* Release */,
			);
			defaultConfigurationIsVisible = 0;
			defaultConfigurationName = Release;
		};
/* End XCConfigurationList section */
	};
	rootObject = A7BFE222296C794E00CBAE75 /* Project object */;
}
